// !$*UTF8*$!
{
	archiveVersion = 1;
	classes = {
	};
	objectVersion = 56;
	objects = {

/* Begin PBXBuildFile section */
		1A0000010000000000000001 /* IterApp.swift in Sources */ = {isa = PBXBuildFile; fileRef = 1A0000010000000000000011 /* IterApp.swift */; };
		1A0000010000000000000002 /* WorkspaceView.swift in Sources */ = {isa = PBXBuildFile; fileRef = 1A0000010000000000000012 /* WorkspaceView.swift */; };
		1A0000010000000000000003 /* ThemeStore.swift in Sources */ = {isa = PBXBuildFile; fileRef = 1A0000010000000000000013 /* ThemeStore.swift */; };
		1A0000010000000000000004 /* Colors.swift in Sources */ = {isa = PBXBuildFile; fileRef = 1A0000010000000000000014 /* Colors.swift */; };
		1A0000010000000000000005 /* Typography.swift in Sources */ = {isa = PBXBuildFile; fileRef = 1A0000010000000000000015 /* Typography.swift */; };
		1A0000010000000000000006 /* Spacing.swift in Sources */ = {isa = PBXBuildFile; fileRef = 1A0000010000000000000016 /* Spacing.swift */; };
		1A0000010000000000000007 /* Radius.swift in Sources */ = {isa = PBXBuildFile; fileRef = 1A0000010000000000000017 /* Radius.swift */; };
		1A0000010000000000000008 /* Fonts in Resources */ = {isa = PBXBuildFile; fileRef = 1A0000010000000000000019 /* Fonts */; };
		1A0000650000000000000001 /* Avatar.swift in Sources */ = {isa = PBXBuildFile; fileRef = 1A0000650000000000000011 /* Avatar.swift */; };
		1A0000650000000000000002 /* ComponentModels.swift in Sources */ = {isa = PBXBuildFile; fileRef = 1A0000650000000000000012 /* ComponentModels.swift */; };
		1A0000650000000000000003 /* Harness.swift in Sources */ = {isa = PBXBuildFile; fileRef = 1A0000650000000000000013 /* Harness.swift */; };
		1A0000650000000000000004 /* IterButton.swift in Sources */ = {isa = PBXBuildFile; fileRef = 1A0000650000000000000014 /* IterButton.swift */; };
		1A0000650000000000000005 /* KPITile.swift in Sources */ = {isa = PBXBuildFile; fileRef = 1A0000650000000000000015 /* KPITile.swift */; };
		1A0000650000000000000006 /* OutcomeGrid.swift in Sources */ = {isa = PBXBuildFile; fileRef = 1A0000650000000000000016 /* OutcomeGrid.swift */; };
		1A0000650000000000000007 /* RailCard.swift in Sources */ = {isa = PBXBuildFile; fileRef = 1A0000650000000000000017 /* RailCard.swift */; };
		1A0000650000000000000008 /* Score.swift in Sources */ = {isa = PBXBuildFile; fileRef = 1A0000650000000000000018 /* Score.swift */; };
		1A0000650000000000000009 /* SearchInput.swift in Sources */ = {isa = PBXBuildFile; fileRef = 1A0000650000000000000019 /* SearchInput.swift */; };
		1A000065000000000000000A /* SegmentedControl.swift in Sources */ = {isa = PBXBuildFile; fileRef = 1A000065000000000000001A /* SegmentedControl.swift */; };
		1A000065000000000000000B /* SessionCards.swift in Sources */ = {isa = PBXBuildFile; fileRef = 1A000065000000000000001B /* SessionCards.swift */; };
		1A000065000000000000000C /* SessionFeed.swift in Sources */ = {isa = PBXBuildFile; fileRef = 1A000065000000000000001C /* SessionFeed.swift */; };
		1A000065000000000000000D /* SessionTable.swift in Sources */ = {isa = PBXBuildFile; fileRef = 1A000065000000000000001D /* SessionTable.swift */; };
		1A000065000000000000000E /* Sparkline.swift in Sources */ = {isa = PBXBuildFile; fileRef = 1A000065000000000000001E /* Sparkline.swift */; };
		1A000065000000000000000F /* StatusChip.swift in Sources */ = {isa = PBXBuildFile; fileRef = 1A000065000000000000001F /* StatusChip.swift */; };
		1A0000650000000000000010 /* TraceRow.swift in Sources */ = {isa = PBXBuildFile; fileRef = 1A0000650000000000000020 /* TraceRow.swift */; };
		1A0000660000000000000001 /* AuthConfiguration.swift in Sources */ = {isa = PBXBuildFile; fileRef = 1A0000660000000000000011 /* AuthConfiguration.swift */; };
		1A0000660000000000000002 /* TokenKeychainStore.swift in Sources */ = {isa = PBXBuildFile; fileRef = 1A0000660000000000000012 /* TokenKeychainStore.swift */; };
		1A0000660000000000000003 /* WorkOSDeviceAuthClient.swift in Sources */ = {isa = PBXBuildFile; fileRef = 1A0000660000000000000013 /* WorkOSDeviceAuthClient.swift */; };
		1A0000660000000000000004 /* SessionStore.swift in Sources */ = {isa = PBXBuildFile; fileRef = 1A0000660000000000000014 /* SessionStore.swift */; };
		1A0000660000000000000005 /* SignInView.swift in Sources */ = {isa = PBXBuildFile; fileRef = 1A0000660000000000000015 /* SignInView.swift */; };
		1A0000660000000000000006 /* IterSessionExchange.swift in Sources */ = {isa = PBXBuildFile; fileRef = 1A0000660000000000000016 /* IterSessionExchange.swift */; };
		1A0000680000000000000001 /* DaemonClient.swift in Sources */ = {isa = PBXBuildFile; fileRef = 1A0000680000000000000011 /* DaemonClient.swift */; };
		1A0000700000000000000001 /* IterHTTPClient.swift in Sources */ = {isa = PBXBuildFile; fileRef = 1A0000700000000000000011 /* IterHTTPClient.swift */; };
		1A0000700000000000000002 /* DashboardMeModels.swift in Sources */ = {isa = PBXBuildFile; fileRef = 1A0000700000000000000012 /* DashboardMeModels.swift */; };
		1A0000700000000000000003 /* DashboardMeStore.swift in Sources */ = {isa = PBXBuildFile; fileRef = 1A0000700000000000000013 /* DashboardMeStore.swift */; };
		1A0000700000000000000004 /* DashboardMeView.swift in Sources */ = {isa = PBXBuildFile; fileRef = 1A0000700000000000000014 /* DashboardMeView.swift */; };
		1A0000720000000000000001 /* SessionDetailClient.swift in Sources */ = {isa = PBXBuildFile; fileRef = 1A0000720000000000000011 /* SessionDetailClient.swift */; };
		1A0000720000000000000002 /* SessionDetailView.swift in Sources */ = {isa = PBXBuildFile; fileRef = 1A0000720000000000000012 /* SessionDetailView.swift */; };
		1A0000760000000000000001 /* SuggestionNotifications.swift in Sources */ = {isa = PBXBuildFile; fileRef = 1A0000760000000000000011 /* SuggestionNotifications.swift */; };
		1A0000690000000000000001 /* WorkspaceRouter.swift in Sources */ = {isa = PBXBuildFile; fileRef = 1A0000690000000000000011 /* WorkspaceRouter.swift */; };
		1A0000690000000000000002 /* MenuBarController.swift in Sources */ = {isa = PBXBuildFile; fileRef = 1A0000690000000000000012 /* MenuBarController.swift */; };
		1A0000690000000000000003 /* MenubarDropdownView.swift in Sources */ = {isa = PBXBuildFile; fileRef = 1A0000690000000000000013 /* MenubarDropdownView.swift */; };
		1A0000740000000000000001 /* StackAPIClient.swift in Sources */ = {isa = PBXBuildFile; fileRef = 1A0000740000000000000011 /* StackAPIClient.swift */; };
		1A0000740000000000000002 /* StackMeView.swift in Sources */ = {isa = PBXBuildFile; fileRef = 1A0000740000000000000012 /* StackMeView.swift */; };
		1A0000740000000000000003 /* StackModels.swift in Sources */ = {isa = PBXBuildFile; fileRef = 1A0000740000000000000013 /* StackModels.swift */; };
		1A0000740000000000000004 /* StackStore.swift in Sources */ = {isa = PBXBuildFile; fileRef = 1A0000740000000000000014 /* StackStore.swift */; };
		1A0000750000000000000001 /* StackSimulateView.swift in Sources */ = {isa = PBXBuildFile; fileRef = 1A0000750000000000000011 /* StackSimulateView.swift */; };
/* End PBXBuildFile section */

/* Begin PBXFileReference section */
		1A0000010000000000000010 /* IterApp.app */ = {isa = PBXFileReference; explicitFileType = wrapper.application; includeInIndex = 0; path = IterApp.app; sourceTree = BUILT_PRODUCTS_DIR; };
		1A0000010000000000000011 /* IterApp.swift */ = {isa = PBXFileReference; lastKnownFileType = sourcecode.swift; path = IterApp.swift; sourceTree = "<group>"; };
		1A0000010000000000000012 /* WorkspaceView.swift */ = {isa = PBXFileReference; lastKnownFileType = sourcecode.swift; path = WorkspaceView.swift; sourceTree = "<group>"; };
		1A0000010000000000000013 /* ThemeStore.swift */ = {isa = PBXFileReference; lastKnownFileType = sourcecode.swift; path = ThemeStore.swift; sourceTree = "<group>"; };
		1A0000010000000000000014 /* Colors.swift */ = {isa = PBXFileReference; lastKnownFileType = sourcecode.swift; path = Colors.swift; sourceTree = "<group>"; };
		1A0000010000000000000015 /* Typography.swift */ = {isa = PBXFileReference; lastKnownFileType = sourcecode.swift; path = Typography.swift; sourceTree = "<group>"; };
		1A0000010000000000000016 /* Spacing.swift */ = {isa = PBXFileReference; lastKnownFileType = sourcecode.swift; path = Spacing.swift; sourceTree = "<group>"; };
		1A0000010000000000000017 /* Radius.swift */ = {isa = PBXFileReference; lastKnownFileType = sourcecode.swift; path = Radius.swift; sourceTree = "<group>"; };
		1A0000010000000000000018 /* Info.plist */ = {isa = PBXFileReference; lastKnownFileType = text.plist.xml; path = Info.plist; sourceTree = "<group>"; };
		1A0000010000000000000019 /* Fonts */ = {isa = PBXFileReference; lastKnownFileType = folder; path = Fonts; sourceTree = "<group>"; };
		1A0000650000000000000011 /* Avatar.swift */ = {isa = PBXFileReference; lastKnownFileType = sourcecode.swift; path = Avatar.swift; sourceTree = "<group>"; };
		1A0000650000000000000012 /* ComponentModels.swift */ = {isa = PBXFileReference; lastKnownFileType = sourcecode.swift; path = ComponentModels.swift; sourceTree = "<group>"; };
		1A0000650000000000000013 /* Harness.swift */ = {isa = PBXFileReference; lastKnownFileType = sourcecode.swift; path = Harness.swift; sourceTree = "<group>"; };
		1A0000650000000000000014 /* IterButton.swift */ = {isa = PBXFileReference; lastKnownFileType = sourcecode.swift; path = IterButton.swift; sourceTree = "<group>"; };
		1A0000650000000000000015 /* KPITile.swift */ = {isa = PBXFileReference; lastKnownFileType = sourcecode.swift; path = KPITile.swift; sourceTree = "<group>"; };
		1A0000650000000000000016 /* OutcomeGrid.swift */ = {isa = PBXFileReference; lastKnownFileType = sourcecode.swift; path = OutcomeGrid.swift; sourceTree = "<group>"; };
		1A0000650000000000000017 /* RailCard.swift */ = {isa = PBXFileReference; lastKnownFileType = sourcecode.swift; path = RailCard.swift; sourceTree = "<group>"; };
		1A0000650000000000000018 /* Score.swift */ = {isa = PBXFileReference; lastKnownFileType = sourcecode.swift; path = Score.swift; sourceTree = "<group>"; };
		1A0000650000000000000019 /* SearchInput.swift */ = {isa = PBXFileReference; lastKnownFileType = sourcecode.swift; path = SearchInput.swift; sourceTree = "<group>"; };
		1A000065000000000000001A /* SegmentedControl.swift */ = {isa = PBXFileReference; lastKnownFileType = sourcecode.swift; path = SegmentedControl.swift; sourceTree = "<group>"; };
		1A000065000000000000001B /* SessionCards.swift */ = {isa = PBXFileReference; lastKnownFileType = sourcecode.swift; path = SessionCards.swift; sourceTree = "<group>"; };
		1A000065000000000000001C /* SessionFeed.swift */ = {isa = PBXFileReference; lastKnownFileType = sourcecode.swift; path = SessionFeed.swift; sourceTree = "<group>"; };
		1A000065000000000000001D /* SessionTable.swift */ = {isa = PBXFileReference; lastKnownFileType = sourcecode.swift; path = SessionTable.swift; sourceTree = "<group>"; };
		1A000065000000000000001E /* Sparkline.swift */ = {isa = PBXFileReference; lastKnownFileType = sourcecode.swift; path = Sparkline.swift; sourceTree = "<group>"; };
		1A000065000000000000001F /* StatusChip.swift */ = {isa = PBXFileReference; lastKnownFileType = sourcecode.swift; path = StatusChip.swift; sourceTree = "<group>"; };
		1A0000650000000000000020 /* TraceRow.swift */ = {isa = PBXFileReference; lastKnownFileType = sourcecode.swift; path = TraceRow.swift; sourceTree = "<group>"; };
		1A0000660000000000000011 /* AuthConfiguration.swift */ = {isa = PBXFileReference; lastKnownFileType = sourcecode.swift; path = AuthConfiguration.swift; sourceTree = "<group>"; };
		1A0000660000000000000012 /* TokenKeychainStore.swift */ = {isa = PBXFileReference; lastKnownFileType = sourcecode.swift; path = TokenKeychainStore.swift; sourceTree = "<group>"; };
		1A0000660000000000000013 /* WorkOSDeviceAuthClient.swift */ = {isa = PBXFileReference; lastKnownFileType = sourcecode.swift; path = WorkOSDeviceAuthClient.swift; sourceTree = "<group>"; };
		1A0000660000000000000014 /* SessionStore.swift */ = {isa = PBXFileReference; lastKnownFileType = sourcecode.swift; path = SessionStore.swift; sourceTree = "<group>"; };
		1A0000660000000000000015 /* SignInView.swift */ = {isa = PBXFileReference; lastKnownFileType = sourcecode.swift; path = SignInView.swift; sourceTree = "<group>"; };
		1A0000660000000000000016 /* IterSessionExchange.swift */ = {isa = PBXFileReference; lastKnownFileType = sourcecode.swift; path = IterSessionExchange.swift; sourceTree = "<group>"; };
		1A0000680000000000000011 /* DaemonClient.swift */ = {isa = PBXFileReference; lastKnownFileType = sourcecode.swift; path = DaemonClient.swift; sourceTree = "<group>"; };
		1A0000700000000000000011 /* IterHTTPClient.swift */ = {isa = PBXFileReference; lastKnownFileType = sourcecode.swift; path = IterHTTPClient.swift; sourceTree = "<group>"; };
		1A0000700000000000000012 /* DashboardMeModels.swift */ = {isa = PBXFileReference; lastKnownFileType = sourcecode.swift; path = DashboardMeModels.swift; sourceTree = "<group>"; };
		1A0000700000000000000013 /* DashboardMeStore.swift */ = {isa = PBXFileReference; lastKnownFileType = sourcecode.swift; path = DashboardMeStore.swift; sourceTree = "<group>"; };
		1A0000700000000000000014 /* DashboardMeView.swift */ = {isa = PBXFileReference; lastKnownFileType = sourcecode.swift; path = DashboardMeView.swift; sourceTree = "<group>"; };
		1A0000720000000000000011 /* SessionDetailClient.swift */ = {isa = PBXFileReference; lastKnownFileType = sourcecode.swift; path = SessionDetailClient.swift; sourceTree = "<group>"; };
		1A0000720000000000000012 /* SessionDetailView.swift */ = {isa = PBXFileReference; lastKnownFileType = sourcecode.swift; path = SessionDetailView.swift; sourceTree = "<group>"; };
		1A0000760000000000000011 /* SuggestionNotifications.swift */ = {isa = PBXFileReference; lastKnownFileType = sourcecode.swift; path = SuggestionNotifications.swift; sourceTree = "<group>"; };
		1A0000690000000000000011 /* WorkspaceRouter.swift */ = {isa = PBXFileReference; lastKnownFileType = sourcecode.swift; path = WorkspaceRouter.swift; sourceTree = "<group>"; };
		1A0000690000000000000012 /* MenuBarController.swift */ = {isa = PBXFileReference; lastKnownFileType = sourcecode.swift; path = MenuBarController.swift; sourceTree = "<group>"; };
		1A0000690000000000000013 /* MenubarDropdownView.swift */ = {isa = PBXFileReference; lastKnownFileType = sourcecode.swift; path = MenubarDropdownView.swift; sourceTree = "<group>"; };
		1A0000740000000000000011 /* StackAPIClient.swift */ = {isa = PBXFileReference; lastKnownFileType = sourcecode.swift; path = StackAPIClient.swift; sourceTree = "<group>"; };
		1A0000740000000000000012 /* StackMeView.swift */ = {isa = PBXFileReference; lastKnownFileType = sourcecode.swift; path = StackMeView.swift; sourceTree = "<group>"; };
		1A0000740000000000000013 /* StackModels.swift */ = {isa = PBXFileReference; lastKnownFileType = sourcecode.swift; path = StackModels.swift; sourceTree = "<group>"; };
		1A0000740000000000000014 /* StackStore.swift */ = {isa = PBXFileReference; lastKnownFileType = sourcecode.swift; path = StackStore.swift; sourceTree = "<group>"; };
		1A0000750000000000000011 /* StackSimulateView.swift */ = {isa = PBXFileReference; lastKnownFileType = sourcecode.swift; path = StackSimulateView.swift; sourceTree = "<group>"; };
/* End PBXFileReference section */

/* Begin PBXFrameworksBuildPhase section */
		1A0000010000000000000020 /* Frameworks */ = {
			isa = PBXFrameworksBuildPhase;
			buildActionMask = 2147483647;
			files = (
			);
			runOnlyForDeploymentPostprocessing = 0;
		};
/* End PBXFrameworksBuildPhase section */

/* Begin PBXGroup section */
		1A0000010000000000000030 = {
			isa = PBXGroup;
			children = (
				1A0000010000000000000031 /* IterApp */,
				1A0000010000000000000035 /* Products */,
			);
			sourceTree = "<group>";
		};
		1A0000010000000000000031 /* IterApp */ = {
			isa = PBXGroup;
			children = (
				1A0000010000000000000011 /* IterApp.swift */,
				1A0000010000000000000012 /* WorkspaceView.swift */,
				1A0000010000000000000013 /* ThemeStore.swift */,
				1A0000720000000000000011 /* SessionDetailClient.swift */,
				1A0000720000000000000012 /* SessionDetailView.swift */,
				1A0000690000000000000011 /* WorkspaceRouter.swift */,
				1A0000660000000000000030 /* Auth */,
				1A0000700000000000000030 /* API */,
				1A0000700000000000000031 /* Dashboard */,
				1A0000680000000000000030 /* Daemon */,
				1A0000690000000000000030 /* MenuBar */,
				1A0000760000000000000030 /* Suggestions */,
				1A0000740000000000000030 /* Stack */,
				1A0000650000000000000030 /* Components */,
				1A0000010000000000000032 /* DesignSystem */,
				1A0000010000000000000033 /* Resources */,
				1A0000010000000000000018 /* Info.plist */,
			);
			path = IterApp;
			sourceTree = "<group>";
		};
		1A0000010000000000000032 /* DesignSystem */ = {
			isa = PBXGroup;
			children = (
				1A0000010000000000000014 /* Colors.swift */,
				1A0000010000000000000015 /* Typography.swift */,
				1A0000010000000000000016 /* Spacing.swift */,
				1A0000010000000000000017 /* Radius.swift */,
			);
			path = DesignSystem;
			sourceTree = "<group>";
		};
		1A0000650000000000000030 /* Components */ = {
			isa = PBXGroup;
			children = (
				1A0000650000000000000011 /* Avatar.swift */,
				1A0000650000000000000012 /* ComponentModels.swift */,
				1A0000650000000000000013 /* Harness.swift */,
				1A0000650000000000000014 /* IterButton.swift */,
				1A0000650000000000000015 /* KPITile.swift */,
				1A0000650000000000000016 /* OutcomeGrid.swift */,
				1A0000650000000000000017 /* RailCard.swift */,
				1A0000650000000000000018 /* Score.swift */,
				1A0000650000000000000019 /* SearchInput.swift */,
				1A000065000000000000001A /* SegmentedControl.swift */,
				1A000065000000000000001B /* SessionCards.swift */,
				1A000065000000000000001C /* SessionFeed.swift */,
				1A000065000000000000001D /* SessionTable.swift */,
				1A000065000000000000001E /* Sparkline.swift */,
				1A000065000000000000001F /* StatusChip.swift */,
				1A0000650000000000000020 /* TraceRow.swift */,
			);
			path = Components;
			sourceTree = "<group>";
		};
		1A0000700000000000000030 /* API */ = {
			isa = PBXGroup;
			children = (
				1A0000700000000000000011 /* IterHTTPClient.swift */,
			);
			path = API;
			sourceTree = "<group>";
		};
		1A0000660000000000000030 /* Auth */ = {
			isa = PBXGroup;
			children = (
				1A0000660000000000000011 /* AuthConfiguration.swift */,
				1A0000660000000000000012 /* TokenKeychainStore.swift */,
				1A0000660000000000000013 /* WorkOSDeviceAuthClient.swift */,
				1A0000660000000000000014 /* SessionStore.swift */,
				1A0000660000000000000015 /* SignInView.swift */,
				1A0000660000000000000016 /* IterSessionExchange.swift */,
			);
			path = Auth;
			sourceTree = "<group>";
		};
		1A0000700000000000000031 /* Dashboard */ = {
			isa = PBXGroup;
			children = (
				1A0000700000000000000012 /* DashboardMeModels.swift */,
				1A0000700000000000000013 /* DashboardMeStore.swift */,
				1A0000700000000000000014 /* DashboardMeView.swift */,
			);
			path = Dashboard;
			sourceTree = "<group>";
		};
		1A0000680000000000000030 /* Daemon */ = {
			isa = PBXGroup;
			children = (
				1A0000680000000000000011 /* DaemonClient.swift */,
			);
			path = Daemon;
			sourceTree = "<group>";
		};
		1A0000690000000000000030 /* MenuBar */ = {
			isa = PBXGroup;
			children = (
				1A0000690000000000000012 /* MenuBarController.swift */,
				1A0000690000000000000013 /* MenubarDropdownView.swift */,
			);
			path = MenuBar;
			sourceTree = "<group>";
		};
		1A0000760000000000000030 /* Suggestions */ = {
			isa = PBXGroup;
			children = (
				1A0000760000000000000011 /* SuggestionNotifications.swift */,
			);
			path = Suggestions;
			sourceTree = "<group>";
		};
		1A0000740000000000000030 /* Stack */ = {
			isa = PBXGroup;
			children = (
				1A0000740000000000000011 /* StackAPIClient.swift */,
				1A0000740000000000000012 /* StackMeView.swift */,
				1A0000740000000000000013 /* StackModels.swift */,
				1A0000750000000000000011 /* StackSimulateView.swift */,
				1A0000740000000000000014 /* StackStore.swift */,
			);
			path = Stack;
			sourceTree = "<group>";
		};
		1A0000010000000000000033 /* Resources */ = {
			isa = PBXGroup;
			children = (
				1A0000010000000000000019 /* Fonts */,
			);
			path = Resources;
			sourceTree = "<group>";
		};
		1A0000010000000000000035 /* Products */ = {
			isa = PBXGroup;
			children = (
				1A0000010000000000000010 /* IterApp.app */,
			);
			name = Products;
			sourceTree = "<group>";
		};
/* End PBXGroup section */

/* Begin PBXNativeTarget section */
		1A0000010000000000000040 /* IterApp */ = {
			isa = PBXNativeTarget;
			buildConfigurationList = 1A0000010000000000000080 /* Build configuration list for PBXNativeTarget "IterApp" */;
			buildPhases = (
				1A0000010000000000000050 /* Sources */,
				1A0000010000000000000020 /* Frameworks */,
				1A0000010000000000000060 /* Resources */,
			);
			buildRules = (
			);
			dependencies = (
			);
			name = IterApp;
			productName = IterApp;
			productReference = 1A0000010000000000000010 /* IterApp.app */;
			productType = "com.apple.product-type.application";
		};
/* End PBXNativeTarget section */

/* Begin PBXProject section */
		1A0000010000000000000070 /* Project object */ = {
			isa = PBXProject;
			attributes = {
				BuildIndependentTargetsInParallel = 1;
				LastSwiftUpdateCheck = 1620;
				LastUpgradeCheck = 1620;
				TargetAttributes = {
					1A0000010000000000000040 = {
						CreatedOnToolsVersion = 16.2;
					};
				};
			};
			buildConfigurationList = 1A0000010000000000000071 /* Build configuration list for PBXProject "IterApp" */;
			compatibilityVersion = "Xcode 14.0";
			developmentRegion = en;
			hasScannedForEncodings = 0;
			knownRegions = (
				en,
				Base,
			);
			mainGroup = 1A0000010000000000000030;
			productRefGroup = 1A0000010000000000000035 /* Products */;
			projectDirPath = "";
			projectRoot = "";
			targets = (
				1A0000010000000000000040 /* IterApp */,
			);
		};
/* End PBXProject section */

/* Begin PBXResourcesBuildPhase section */
		1A0000010000000000000060 /* Resources */ = {
			isa = PBXResourcesBuildPhase;
			buildActionMask = 2147483647;
			files = (
				1A0000010000000000000008 /* Fonts in Resources */,
			);
			runOnlyForDeploymentPostprocessing = 0;
		};
/* End PBXResourcesBuildPhase section */

/* Begin PBXSourcesBuildPhase section */
		1A0000010000000000000050 /* Sources */ = {
			isa = PBXSourcesBuildPhase;
			buildActionMask = 2147483647;
			files = (
				1A0000010000000000000001 /* IterApp.swift in Sources */,
				1A0000010000000000000002 /* WorkspaceView.swift in Sources */,
				1A0000010000000000000003 /* ThemeStore.swift in Sources */,
				1A0000010000000000000004 /* Colors.swift in Sources */,
				1A0000010000000000000005 /* Typography.swift in Sources */,
				1A0000010000000000000006 /* Spacing.swift in Sources */,
				1A0000010000000000000007 /* Radius.swift in Sources */,
				1A0000650000000000000001 /* Avatar.swift in Sources */,
				1A0000650000000000000002 /* ComponentModels.swift in Sources */,
				1A0000650000000000000003 /* Harness.swift in Sources */,
				1A0000650000000000000004 /* IterButton.swift in Sources */,
				1A0000650000000000000005 /* KPITile.swift in Sources */,
				1A0000650000000000000006 /* OutcomeGrid.swift in Sources */,
				1A0000650000000000000007 /* RailCard.swift in Sources */,
				1A0000650000000000000008 /* Score.swift in Sources */,
				1A0000650000000000000009 /* SearchInput.swift in Sources */,
				1A000065000000000000000A /* SegmentedControl.swift in Sources */,
				1A000065000000000000000B /* SessionCards.swift in Sources */,
				1A000065000000000000000C /* SessionFeed.swift in Sources */,
				1A000065000000000000000D /* SessionTable.swift in Sources */,
				1A000065000000000000000E /* Sparkline.swift in Sources */,
				1A000065000000000000000F /* StatusChip.swift in Sources */,
				1A0000650000000000000010 /* TraceRow.swift in Sources */,
				1A0000660000000000000001 /* AuthConfiguration.swift in Sources */,
				1A0000660000000000000002 /* TokenKeychainStore.swift in Sources */,
				1A0000660000000000000003 /* WorkOSDeviceAuthClient.swift in Sources */,
				1A0000660000000000000004 /* SessionStore.swift in Sources */,
				1A0000660000000000000005 /* SignInView.swift in Sources */,
				1A0000660000000000000006 /* IterSessionExchange.swift in Sources */,
				1A0000680000000000000001 /* DaemonClient.swift in Sources */,
				1A0000700000000000000001 /* IterHTTPClient.swift in Sources */,
				1A0000700000000000000002 /* DashboardMeModels.swift in Sources */,
				1A0000700000000000000003 /* DashboardMeStore.swift in Sources */,
				1A0000700000000000000004 /* DashboardMeView.swift in Sources */,
				1A0000720000000000000001 /* SessionDetailClient.swift in Sources */,
				1A0000720000000000000002 /* SessionDetailView.swift in Sources */,
				1A0000760000000000000001 /* SuggestionNotifications.swift in Sources */,
				1A0000690000000000000001 /* WorkspaceRouter.swift in Sources */,
				1A0000690000000000000002 /* MenuBarController.swift in Sources */,
				1A0000690000000000000003 /* MenubarDropdownView.swift in Sources */,
				1A0000740000000000000001 /* StackAPIClient.swift in Sources */,
				1A0000740000000000000002 /* StackMeView.swift in Sources */,
				1A0000740000000000000003 /* StackModels.swift in Sources */,
				1A0000750000000000000001 /* StackSimulateView.swift in Sources */,
				1A0000740000000000000004 /* StackStore.swift in Sources */,
			);
			runOnlyForDeploymentPostprocessing = 0;
		};
/* End PBXSourcesBuildPhase section */

/* Begin XCBuildConfiguration section */
		1A0000010000000000000072 /* Debug */ = {
			isa = XCBuildConfiguration;
			buildSettings = {
				ALWAYS_SEARCH_USER_PATHS = NO;
				CLANG_ANALYZER_NONNULL = YES;
				CLANG_ANALYZER_NUMBER_OBJECT_CONVERSION = YES_AGGRESSIVE;
				CLANG_CXX_LANGUAGE_STANDARD = "gnu++20";
				CLANG_ENABLE_MODULES = YES;
				CLANG_ENABLE_OBJC_ARC = YES;
				CLANG_ENABLE_OBJC_WEAK = YES;
				CLANG_WARN_BLOCK_CAPTURE_AUTORELEASING = YES;
				CLANG_WARN_BOOL_CONVERSION = YES;
				CLANG_WARN_COMMA = YES;
				CLANG_WARN_CONSTANT_CONVERSION = YES;
				CLANG_WARN_DEPRECATED_OBJC_IMPLEMENTATIONS = YES;
				CLANG_WARN_DIRECT_OBJC_ISA_USAGE = YES_ERROR;
				CLANG_WARN_DOCUMENTATION_COMMENTS = YES;
				CLANG_WARN_EMPTY_BODY = YES;
				CLANG_WARN_ENUM_CONVERSION = YES;
				CLANG_WARN_INFINITE_RECURSION = YES;
				CLANG_WARN_INT_CONVERSION = YES;
				CLANG_WARN_NON_LITERAL_NULL_CONVERSION = YES;
				CLANG_WARN_OBJC_IMPLICIT_RETAIN_SELF = YES;
				CLANG_WARN_OBJC_LITERAL_CONVERSION = YES;
				CLANG_WARN_OBJC_ROOT_CLASS = YES_ERROR;
				CLANG_WARN_QUOTED_INCLUDE_IN_FRAMEWORK_HEADER = YES;
				CLANG_WARN_RANGE_LOOP_ANALYSIS = YES;
				CLANG_WARN_STRICT_PROTOTYPES = YES;
				CLANG_WARN_SUSPICIOUS_MOVE = YES;
				CLANG_WARN_UNGUARDED_AVAILABILITY = YES_AGGRESSIVE;
				CLANG_WARN_UNREACHABLE_CODE = YES;
				CLANG_WARN__DUPLICATE_METHOD_MATCH = YES;
				COPY_PHASE_STRIP = NO;
				DEBUG_INFORMATION_FORMAT = dwarf;
				ENABLE_STRICT_OBJC_MSGSEND = YES;
				ENABLE_TESTABILITY = YES;
				ENABLE_USER_SCRIPT_SANDBOXING = YES;
				GCC_C_LANGUAGE_STANDARD = gnu17;
				GCC_DYNAMIC_NO_PIC = NO;
				GCC_NO_COMMON_BLOCKS = YES;
				GCC_OPTIMIZATION_LEVEL = 0;
				GCC_PREPROCESSOR_DEFINITIONS = (
					"DEBUG=1",
					"$(inherited)",
				);
				GCC_WARN_64_TO_32_BIT_CONVERSION = YES;
				GCC_WARN_ABOUT_RETURN_TYPE = YES_ERROR;
				GCC_WARN_UNDECLARED_SELECTOR = YES;
				GCC_WARN_UNINITIALIZED_AUTOS = YES_AGGRESSIVE;
				GCC_WARN_UNUSED_FUNCTION = YES;
				GCC_WARN_UNUSED_VARIABLE = YES;
				MACOSX_DEPLOYMENT_TARGET = 15.0;
				MTL_ENABLE_DEBUG_INFO = INCLUDE_SOURCE;
				MTL_FAST_MATH = YES;
				ONLY_ACTIVE_ARCH = YES;
				SDKROOT = macosx;
				SWIFT_ACTIVE_COMPILATION_CONDITIONS = DEBUG;
				SWIFT_OPTIMIZATION_LEVEL = "-Onone";
			};
			name = Debug;
		};
		1A0000010000000000000073 /* Release */ = {
			isa = XCBuildConfiguration;
			buildSettings = {
				ALWAYS_SEARCH_USER_PATHS = NO;
				CLANG_ANALYZER_NONNULL = YES;
				CLANG_ANALYZER_NUMBER_OBJECT_CONVERSION = YES_AGGRESSIVE;
				CLANG_CXX_LANGUAGE_STANDARD = "gnu++20";
				CLANG_ENABLE_MODULES = YES;
				CLANG_ENABLE_OBJC_ARC = YES;
				CLANG_ENABLE_OBJC_WEAK = YES;
				CLANG_WARN_BLOCK_CAPTURE_AUTORELEASING = YES;
				CLANG_WARN_BOOL_CONVERSION = YES;
				CLANG_WARN_COMMA = YES;
				CLANG_WARN_CONSTANT_CONVERSION = YES;
				CLANG_WARN_DEPRECATED_OBJC_IMPLEMENTATIONS = YES;
				CLANG_WARN_DIRECT_OBJC_ISA_USAGE = YES_ERROR;
				CLANG_WARN_DOCUMENTATION_COMMENTS = YES;
				CLANG_WARN_EMPTY_BODY = YES;
				CLANG_WARN_ENUM_CONVERSION = YES;
				CLANG_WARN_INFINITE_RECURSION = YES;
				CLANG_WARN_INT_CONVERSION = YES;
				CLANG_WARN_NON_LITERAL_NULL_CONVERSION = YES;
				CLANG_WARN_OBJC_IMPLICIT_RETAIN_SELF = YES;
				CLANG_WARN_OBJC_LITERAL_CONVERSION = YES;
				CLANG_WARN_OBJC_ROOT_CLASS = YES_ERROR;
				CLANG_WARN_QUOTED_INCLUDE_IN_FRAMEWORK_HEADER = YES;
				CLANG_WARN_RANGE_LOOP_ANALYSIS = YES;
				CLANG_WARN_STRICT_PROTOTYPES = YES;
				CLANG_WARN_SUSPICIOUS_MOVE = YES;
				CLANG_WARN_UNGUARDED_AVAILABILITY = YES_AGGRESSIVE;
				CLANG_WARN_UNREACHABLE_CODE = YES;
				CLANG_WARN__DUPLICATE_METHOD_MATCH = YES;
				COPY_PHASE_STRIP = NO;
				DEBUG_INFORMATION_FORMAT = "dwarf-with-dsym";
				ENABLE_NS_ASSERTIONS = NO;
				ENABLE_STRICT_OBJC_MSGSEND = YES;
				ENABLE_USER_SCRIPT_SANDBOXING = YES;
				GCC_C_LANGUAGE_STANDARD = gnu17;
				GCC_NO_COMMON_BLOCKS = YES;
				GCC_WARN_64_TO_32_BIT_CONVERSION = YES;
				GCC_WARN_ABOUT_RETURN_TYPE = YES_ERROR;
				GCC_WARN_UNDECLARED_SELECTOR = YES;
				GCC_WARN_UNINITIALIZED_AUTOS = YES_AGGRESSIVE;
				GCC_WARN_UNUSED_FUNCTION = YES;
				GCC_WARN_UNUSED_VARIABLE = YES;
				MACOSX_DEPLOYMENT_TARGET = 15.0;
				MTL_ENABLE_DEBUG_INFO = NO;
				MTL_FAST_MATH = YES;
				SDKROOT = macosx;
				SWIFT_COMPILATION_MODE = wholemodule;
				SWIFT_OPTIMIZATION_LEVEL = "-O";
			};
			name = Release;
		};
		1A0000010000000000000081 /* Debug */ = {
			isa = XCBuildConfiguration;
			buildSettings = {
				ASSETCATALOG_COMPILER_APPICON_NAME = AppIcon;
				CODE_SIGN_STYLE = Automatic;
				CURRENT_PROJECT_VERSION = 1;
				DEVELOPMENT_TEAM = "";
				GENERATE_INFOPLIST_FILE = NO;
				INFOPLIST_FILE = IterApp/Info.plist;
				INFOPLIST_KEY_CFBundleDisplayName = Iter;
				LD_RUNPATH_SEARCH_PATHS = (
					"$(inherited)",
					"@executable_path/../Frameworks",
				);
				MARKETING_VERSION = 0.1;
				PRODUCT_BUNDLE_IDENTIFIER = dev.iter.IterApp;
				PRODUCT_NAME = IterApp;
				PRODUCT_BUNDLE_PACKAGE_TYPE = APPL;
				SWIFT_EMIT_LOC_STRINGS = YES;
				SWIFT_VERSION = 5.0;
			};
			name = Debug;
		};
		1A0000010000000000000082 /* Release */ = {
			isa = XCBuildConfiguration;
			buildSettings = {
				ASSETCATALOG_COMPILER_APPICON_NAME = AppIcon;
				CODE_SIGN_STYLE = Automatic;
				CURRENT_PROJECT_VERSION = 1;
				DEVELOPMENT_TEAM = "";
				GENERATE_INFOPLIST_FILE = NO;
				INFOPLIST_FILE = IterApp/Info.plist;
				INFOPLIST_KEY_CFBundleDisplayName = Iter;
				LD_RUNPATH_SEARCH_PATHS = (
					"$(inherited)",
					"@executable_path/../Frameworks",
				);
				MARKETING_VERSION = 0.1;
				PRODUCT_BUNDLE_IDENTIFIER = dev.iter.IterApp;
				PRODUCT_NAME = IterApp;
				PRODUCT_BUNDLE_PACKAGE_TYPE = APPL;
				SWIFT_EMIT_LOC_STRINGS = YES;
				SWIFT_VERSION = 5.0;
			};
			name = Release;
		};
/* End XCBuildConfiguration section */

/* Begin XCConfigurationList section */
		1A0000010000000000000071 /* Build configuration list for PBXProject "IterApp" */ = {
			isa = XCConfigurationList;
			buildConfigurations = (
				1A0000010000000000000072 /* Debug */,
				1A0000010000000000000073 /* Release */,
			);
			defaultConfigurationIsVisible = 0;
			defaultConfigurationName = Release;
		};
		1A0000010000000000000080 /* Build configuration list for PBXNativeTarget "IterApp" */ = {
			isa = XCConfigurationList;
			buildConfigurations = (
				1A0000010000000000000081 /* Debug */,
				1A0000010000000000000082 /* Release */,
			);
			defaultConfigurationIsVisible = 0;
			defaultConfigurationName = Release;
		};
/* End XCConfigurationList section */
	};
	rootObject = 1A0000010000000000000070 /* Project object */;
}
